
Microsoft Visual Studio Solution File, Format Version 12.00
# Visual Studio 14
VisualStudioVersion = 14.0.23107.0
MinimumVisualStudioVersion = 10.0.40219.1
Project("{FAE04EC0-301F-11D3-BF4B-00C04F79EFBC}") = "ConsoleApp1-Types", "ConsoleApp1-Types\ConsoleApp1-Types.csproj", "{ABEDD1DF-0578-40D8-815A-4C017966A144}"
EndProject
Project("{FAE04EC0-301F-11D3-BF4B-00C04F79EFBC}") = "ConsoleApp-Classes", "ConsoleApp-Classes\ConsoleApp-Classes.csproj", "{F7709F47-800A-49DA-B03F-6FDD9C2EB6EC}"
EndProject
Project("{FAE04EC0-301F-11D3-BF4B-00C04F79EFBC}") = "ConsoleApplication1", "ConsoleApplication1\ConsoleApplication1.csproj", "{2D59BCD1-510B-4041-8088-AC6A3E1C41B5}"
EndProject
Project("{2150E333-8FDC-42A3-9474-1A3956D46DE8}") = "Lesson 3", "Lesson 3", "{914EDB3C-D781-417F-8F4A-A37699610C89}"
EndProject
Project("{2150E333-8FDC-42A3-9474-1A3956D46DE8}") = "Lesson 2", "Lesson 2", "{8869ABED-0A39-4699-BF22-88B0C2BA7D22}"
EndProject
Project("{FAE04EC0-301F-11D3-BF4B-00C04F79EFBC}") = "Lesson3Loops", "Lesson3Loops\Lesson3Loops.csproj", "{16BACC29-A4F5-4382-96A9-AED3D2B52C7E}"
EndProject
Project("{FAE04EC0-301F-11D3-BF4B-00C04F79EFBC}") = "Dungeon", "Dungeon\Dungeon.csproj", "{7AF766CD-0C59-4746-AEB9-A044C423538B}"
EndProject
Global
	GlobalSection(SolutionConfigurationPlatforms) = preSolution
		Debug|Any CPU = Debug|Any CPU
		Release|Any CPU = Release|Any CPU
	EndGlobalSection
	GlobalSection(ProjectConfigurationPlatforms) = postSolution
		{ABEDD1DF-0578-40D8-815A-4C017966A144}.Debug|Any CPU.ActiveCfg = Debug|Any CPU
		{ABEDD1DF-0578-40D8-815A-4C017966A144}.Debug|Any CPU.Build.0 = Debug|Any CPU
		{ABEDD1DF-0578-40D8-815A-4C017966A144}.Release|Any CPU.ActiveCfg = Release|Any CPU
		{ABEDD1DF-0578-40D8-815A-4C017966A144}.Release|Any CPU.Build.0 = Release|Any CPU
		{F7709F47-800A-49DA-B03F-6FDD9C2EB6EC}.Debug|Any CPU.ActiveCfg = Debug|Any CPU
		{F7709F47-800A-49DA-B03F-6FDD9C2EB6EC}.Debug|Any CPU.Build.0 = Debug|Any CPU
		{F7709F47-800A-49DA-B03F-6FDD9C2EB6EC}.Release|Any CPU.ActiveCfg = Release|Any CPU
		{F7709F47-800A-49DA-B03F-6FDD9C2EB6EC}.Release|Any CPU.Build.0 = Release|Any CPU
		{2D59BCD1-510B-4041-8088-AC6A3E1C41B5}.Debug|Any CPU.ActiveCfg = Debug|Any CPU
		{2D59BCD1-510B-4041-8088-AC6A3E1C41B5}.Debug|Any CPU.Build.0 = Debug|Any CPU
		{2D59BCD1-510B-4041-8088-AC6A3E1C41B5}.Release|Any CPU.ActiveCfg = Release|Any CPU
		{2D59BCD1-510B-4041-8088-AC6A3E1C41B5}.Release|Any CPU.Build.0 = Release|Any CPU
		{16BACC29-A4F5-4382-96A9-AED3D2B52C7E}.Debug|Any CPU.ActiveCfg = Debug|Any CPU
		{16BACC29-A4F5-4382-96A9-AED3D2B52C7E}.Debug|Any CPU.Build.0 = Debug|Any CPU
		{16BACC29-A4F5-4382-96A9-AED3D2B52C7E}.Release|Any CPU.ActiveCfg = Release|Any CPU
		{16BACC29-A4F5-4382-96A9-AED3D2B52C7E}.Release|Any CPU.Build.0 = Release|Any CPU
		{7AF766CD-0C59-4746-AEB9-A044C423538B}.Debug|Any CPU.ActiveCfg = Debug|Any CPU
		{7AF766CD-0C59-4746-AEB9-A044C423538B}.Debug|Any CPU.Build.0 = Debug|Any CPU
		{7AF766CD-0C59-4746-AEB9-A044C423538B}.Release|Any CPU.ActiveCfg = Release|Any CPU
		{7AF766CD-0C59-4746-AEB9-A044C423538B}.Release|Any CPU.Build.0 = Release|Any CPU
	EndGlobalSection
	GlobalSection(SolutionProperties) = preSolution
		HideSolutionNode = FALSE
	EndGlobalSection
	GlobalSection(NestedProjects) = preSolution
		{ABEDD1DF-0578-40D8-815A-4C017966A144} = {8869ABED-0A39-4699-BF22-88B0C2BA7D22}
		{F7709F47-800A-49DA-B03F-6FDD9C2EB6EC} = {8869ABED-0A39-4699-BF22-88B0C2BA7D22}
		{2D59BCD1-510B-4041-8088-AC6A3E1C41B5} = {8869ABED-0A39-4699-BF22-88B0C2BA7D22}
		{16BACC29-A4F5-4382-96A9-AED3D2B52C7E} = {914EDB3C-D781-417F-8F4A-A37699610C89}
		{7AF766CD-0C59-4746-AEB9-A044C423538B} = {914EDB3C-D781-417F-8F4A-A37699610C89}
	EndGlobalSection
EndGlobal
