
Microsoft Visual Studio Solution File, Format Version 12.00
# Visual Studio 14
VisualStudioVersion = 14.0.23107.0
MinimumVisualStudioVersion = 10.0.40219.1
Project("{FAE04EC0-301F-11D3-BF4B-00C04F79EFBC}") = "ConsoleApp1-Types", "ConsoleApp1-Types\ConsoleApp1-Types.csproj", "{ABEDD1DF-0578-40D8-815A-4C017966A144}"
EndProject
Project("{FAE04EC0-301F-11D3-BF4B-00C04F79EFBC}") = "ConsoleApp-Classes", "ConsoleApp-Classes\ConsoleApp-Classes.csproj", "{F7709F47-800A-49DA-B03F-6FDD9C2EB6EC}"
EndProject
Project("{FAE04EC0-301F-11D3-BF4B-00C04F79EFBC}") = "ConsoleApplication1", "ConsoleApplication1\ConsoleApplication1.csproj", "{2D59BCD1-510B-4041-8088-AC6A3E1C41B5}"
EndProject
Global
	GlobalSection(SolutionConfigurationPlatforms) = preSolution
		Debug|Any CPU = Debug|Any CPU
		Release|Any CPU = Release|Any CPU
	EndGlobalSection
	GlobalSection(ProjectConfigurationPlatforms) = postSolution
		{ABEDD1DF-0578-40D8-815A-4C017966A144}.Debug|Any CPU.ActiveCfg = Debug|Any CPU
		{ABEDD1DF-0578-40D8-815A-4C017966A144}.Debug|Any CPU.Build.0 = Debug|Any CPU
		{ABEDD1DF-0578-40D8-815A-4C017966A144}.Release|Any CPU.ActiveCfg = Release|Any CPU
		{ABEDD1DF-0578-40D8-815A-4C017966A144}.Release|Any CPU.Build.0 = Release|Any CPU
		{F7709F47-800A-49DA-B03F-6FDD9C2EB6EC}.Debug|Any CPU.ActiveCfg = Debug|Any CPU
		{F7709F47-800A-49DA-B03F-6FDD9C2EB6EC}.Debug|Any CPU.Build.0 = Debug|Any CPU
		{F7709F47-800A-49DA-B03F-6FDD9C2EB6EC}.Release|Any CPU.ActiveCfg = Release|Any CPU
		{F7709F47-800A-49DA-B03F-6FDD9C2EB6EC}.Release|Any CPU.Build.0 = Release|Any CPU
		{2D59BCD1-510B-4041-8088-AC6A3E1C41B5}.Debug|Any CPU.ActiveCfg = Debug|Any CPU
		{2D59BCD1-510B-4041-8088-AC6A3E1C41B5}.Debug|Any CPU.Build.0 = Debug|Any CPU
		{2D59BCD1-510B-4041-8088-AC6A3E1C41B5}.Release|Any CPU.ActiveCfg = Release|Any CPU
		{2D59BCD1-510B-4041-8088-AC6A3E1C41B5}.Release|Any CPU.Build.0 = Release|Any CPU
	EndGlobalSection
	GlobalSection(SolutionProperties) = preSolution
		HideSolutionNode = FALSE
	EndGlobalSection
EndGlobal
